
Microsoft Visual Studio Solution File, Format Version 12.00
# Visual Studio Version 17
VisualStudioVersion = 17.8.34511.84
MinimumVisualStudioVersion = 10.0.40219.1
Project("{FAE04EC0-301F-11D3-BF4B-00C04F79EFBC}") = "StudentRelations", "StudentRelations\StudentRelations.csproj", "{938548C0-C9BF-4191-887B-44597F395C84}"
EndProject
Global
	GlobalSection(SolutionConfigurationPlatforms) = preSolution
		Debug|Any CPU = Debug|Any CPU
		Release|Any CPU = Release|Any CPU
	EndGlobalSection
	GlobalSection(ProjectConfigurationPlatforms) = postSolution
		{938548C0-C9BF-4191-887B-44597F395C84}.Debug|Any CPU.ActiveCfg = Debug|Any CPU
		{938548C0-C9BF-4191-887B-44597F395C84}.Debug|Any CPU.Build.0 = Debug|Any CPU
		{938548C0-C9BF-4191-887B-44597F395C84}.Release|Any CPU.ActiveCfg = Release|Any CPU
		{938548C0-C9BF-4191-887B-44597F395C84}.Release|Any CPU.Build.0 = Release|Any CPU
	EndGlobalSection
	GlobalSection(SolutionProperties) = preSolution
		HideSolutionNode = FALSE
	EndGlobalSection
	GlobalSection(ExtensibilityGlobals) = postSolution
		SolutionGuid = {479E2EBE-7080-4E1B-8238-68612E14A6CB}
	EndGlobalSection
EndGlobal
